// !$*UTF8*$!
{
	archiveVersion = 1;
	classes = {
	};
	objectVersion = 50;
	objects = {

/* Begin PBXBuildFile section */
		FC044AA827031F490037EBCB /* Video.swift in Sources */ = {isa = PBXBuildFile; fileRef = FC044AA727031F490037EBCB /* Video.swift */; };
		FC044AAA27044D5F0037EBCB /* APIManager.swift in Sources */ = {isa = PBXBuildFile; fileRef = FC044AA927044D5F0037EBCB /* APIManager.swift */; };
		FCBE907926FB4683002B26F3 /* MovieSharingApp.swift in Sources */ = {isa = PBXBuildFile; fileRef = FCBE907826FB4683002B26F3 /* MovieSharingApp.swift */; };
		FCBE907B26FB4683002B26F3 /* ContentView.swift in Sources */ = {isa = PBXBuildFile; fileRef = FCBE907A26FB4683002B26F3 /* ContentView.swift */; };
		FCBE907D26FB4685002B26F3 /* Assets.xcassets in Resources */ = {isa = PBXBuildFile; fileRef = FCBE907C26FB4685002B26F3 /* Assets.xcassets */; };
		FCBE908026FB4685002B26F3 /* Preview Assets.xcassets in Resources */ = {isa = PBXBuildFile; fileRef = FCBE907F26FB4685002B26F3 /* Preview Assets.xcassets */; };
		FCFBD03A2706F7B800D8B9CB /* VideoResponse.swift in Sources */ = {isa = PBXBuildFile; fileRef = FCFBD0392706F7B800D8B9CB /* VideoResponse.swift */; };
		FCFBD03C2706F7E400D8B9CB /* Snippet.swift in Sources */ = {isa = PBXBuildFile; fileRef = FCFBD03B2706F7E400D8B9CB /* Snippet.swift */; };
		FCFBD03E2706F85B00D8B9CB /* Thumbnail.swift in Sources */ = {isa = PBXBuildFile; fileRef = FCFBD03D2706F85B00D8B9CB /* Thumbnail.swift */; };
		FCFBD0402706F87800D8B9CB /* ImageObject.swift in Sources */ = {isa = PBXBuildFile; fileRef = FCFBD03F2706F87800D8B9CB /* ImageObject.swift */; };
		FCFBD0422706F8CF00D8B9CB /* VideoViewModel.swift in Sources */ = {isa = PBXBuildFile; fileRef = FCFBD0412706F8CF00D8B9CB /* VideoViewModel.swift */; };
/* End PBXBuildFile section */

/* Begin PBXFileReference section */
		FC044AA727031F490037EBCB /* Video.swift */ = {isa = PBXFileReference; lastKnownFileType = sourcecode.swift; path = Video.swift; sourceTree = "<group>"; };
		FC044AA927044D5F0037EBCB /* APIManager.swift */ = {isa = PBXFileReference; lastKnownFileType = sourcecode.swift; path = APIManager.swift; sourceTree = "<group>"; };
		FCBE907526FB4683002B26F3 /* MovieSharing.app */ = {isa = PBXFileReference; explicitFileType = wrapper.application; includeInIndex = 0; path = MovieSharing.app; sourceTree = BUILT_PRODUCTS_DIR; };
		FCBE907826FB4683002B26F3 /* MovieSharingApp.swift */ = {isa = PBXFileReference; lastKnownFileType = sourcecode.swift; path = MovieSharingApp.swift; sourceTree = "<group>"; };
		FCBE907A26FB4683002B26F3 /* ContentView.swift */ = {isa = PBXFileReference; lastKnownFileType = sourcecode.swift; path = ContentView.swift; sourceTree = "<group>"; };
		FCBE907C26FB4685002B26F3 /* Assets.xcassets */ = {isa = PBXFileReference; lastKnownFileType = folder.assetcatalog; path = Assets.xcassets; sourceTree = "<group>"; };
		FCBE907F26FB4685002B26F3 /* Preview Assets.xcassets */ = {isa = PBXFileReference; lastKnownFileType = folder.assetcatalog; path = "Preview Assets.xcassets"; sourceTree = "<group>"; };
		FCBE908126FB4685002B26F3 /* Info.plist */ = {isa = PBXFileReference; lastKnownFileType = text.plist.xml; path = Info.plist; sourceTree = "<group>"; };
		FCFBD0392706F7B800D8B9CB /* VideoResponse.swift */ = {isa = PBXFileReference; lastKnownFileType = sourcecode.swift; path = VideoResponse.swift; sourceTree = "<group>"; };
		FCFBD03B2706F7E400D8B9CB /* Snippet.swift */ = {isa = PBXFileReference; lastKnownFileType = sourcecode.swift; path = Snippet.swift; sourceTree = "<group>"; };
		FCFBD03D2706F85B00D8B9CB /* Thumbnail.swift */ = {isa = PBXFileReference; lastKnownFileType = sourcecode.swift; path = Thumbnail.swift; sourceTree = "<group>"; };
		FCFBD03F2706F87800D8B9CB /* ImageObject.swift */ = {isa = PBXFileReference; lastKnownFileType = sourcecode.swift; path = ImageObject.swift; sourceTree = "<group>"; };
		FCFBD0412706F8CF00D8B9CB /* VideoViewModel.swift */ = {isa = PBXFileReference; lastKnownFileType = sourcecode.swift; path = VideoViewModel.swift; sourceTree = "<group>"; };
/* End PBXFileReference section */

/* Begin PBXFrameworksBuildPhase section */
		FCBE907226FB4683002B26F3 /* Frameworks */ = {
			isa = PBXFrameworksBuildPhase;
			buildActionMask = 2147483647;
			files = (
			);
			runOnlyForDeploymentPostprocessing = 0;
		};
/* End PBXFrameworksBuildPhase section */

/* Begin PBXGroup section */
		FCBE906C26FB4682002B26F3 = {
			isa = PBXGroup;
			children = (
				FCBE907726FB4683002B26F3 /* MovieSharing */,
				FCBE907626FB4683002B26F3 /* Products */,
			);
			sourceTree = "<group>";
		};
		FCBE907626FB4683002B26F3 /* Products */ = {
			isa = PBXGroup;
			children = (
				FCBE907526FB4683002B26F3 /* MovieSharing.app */,
			);
			name = Products;
			sourceTree = "<group>";
		};
		FCBE907726FB4683002B26F3 /* MovieSharing */ = {
			isa = PBXGroup;
			children = (
				FCBE907826FB4683002B26F3 /* MovieSharingApp.swift */,
				FCBE907A26FB4683002B26F3 /* ContentView.swift */,
				FC044AA727031F490037EBCB /* Video.swift */,
				FCBE907C26FB4685002B26F3 /* Assets.xcassets */,
				FCBE908126FB4685002B26F3 /* Info.plist */,
				FCBE907E26FB4685002B26F3 /* Preview Content */,
				FC044AA927044D5F0037EBCB /* APIManager.swift */,
				FCFBD0392706F7B800D8B9CB /* VideoResponse.swift */,
				FCFBD03B2706F7E400D8B9CB /* Snippet.swift */,
				FCFBD03D2706F85B00D8B9CB /* Thumbnail.swift */,
				FCFBD03F2706F87800D8B9CB /* ImageObject.swift */,
				FCFBD0412706F8CF00D8B9CB /* VideoViewModel.swift */,
			);
			path = MovieSharing;
			sourceTree = "<group>";
		};
		FCBE907E26FB4685002B26F3 /* Preview Content */ = {
			isa = PBXGroup;
			children = (
				FCBE907F26FB4685002B26F3 /* Preview Assets.xcassets */,
			);
			path = "Preview Content";
			sourceTree = "<group>";
		};
/* End PBXGroup section */

/* Begin PBXNativeTarget section */
		FCBE907426FB4683002B26F3 /* MovieSharing */ = {
			isa = PBXNativeTarget;
			buildConfigurationList = FCBE908426FB4685002B26F3 /* Build configuration list for PBXNativeTarget "MovieSharing" */;
			buildPhases = (
				FCBE907126FB4683002B26F3 /* Sources */,
				FCBE907226FB4683002B26F3 /* Frameworks */,
				FCBE907326FB4683002B26F3 /* Resources */,
			);
			buildRules = (
			);
			dependencies = (
			);
			name = MovieSharing;
			productName = MovieSharing;
			productReference = FCBE907526FB4683002B26F3 /* MovieSharing.app */;
			productType = "com.apple.product-type.application";
		};
/* End PBXNativeTarget section */

/* Begin PBXProject section */
		FCBE906D26FB4682002B26F3 /* Project object */ = {
			isa = PBXProject;
			attributes = {
				LastSwiftUpdateCheck = 1250;
				LastUpgradeCheck = 1250;
				TargetAttributes = {
					FCBE907426FB4683002B26F3 = {
						CreatedOnToolsVersion = 12.5.1;
					};
				};
			};
			buildConfigurationList = FCBE907026FB4682002B26F3 /* Build configuration list for PBXProject "MovieSharing" */;
			compatibilityVersion = "Xcode 9.3";
			developmentRegion = en;
			hasScannedForEncodings = 0;
			knownRegions = (
				en,
				Base,
			);
			mainGroup = FCBE906C26FB4682002B26F3;
			productRefGroup = FCBE907626FB4683002B26F3 /* Products */;
			projectDirPath = "";
			projectRoot = "";
			targets = (
				FCBE907426FB4683002B26F3 /* MovieSharing */,
			);
		};
/* End PBXProject section */

/* Begin PBXResourcesBuildPhase section */
		FCBE907326FB4683002B26F3 /* Resources */ = {
			isa = PBXResourcesBuildPhase;
			buildActionMask = 2147483647;
			files = (
				FCBE908026FB4685002B26F3 /* Preview Assets.xcassets in Resources */,
				FCBE907D26FB4685002B26F3 /* Assets.xcassets in Resources */,
			);
			runOnlyForDeploymentPostprocessing = 0;
		};
/* End PBXResourcesBuildPhase section */

/* Begin PBXSourcesBuildPhase section */
		FCBE907126FB4683002B26F3 /* Sources */ = {
			isa = PBXSourcesBuildPhase;
			buildActionMask = 2147483647;
			files = (
				FCFBD03A2706F7B800D8B9CB /* VideoResponse.swift in Sources */,
				FCFBD0422706F8CF00D8B9CB /* VideoViewModel.swift in Sources */,
				FCBE907B26FB4683002B26F3 /* ContentView.swift in Sources */,
				FC044AAA27044D5F0037EBCB /* APIManager.swift in Sources */,
				FCFBD03C2706F7E400D8B9CB /* Snippet.swift in Sources */,
				FC044AA827031F490037EBCB /* Video.swift in Sources */,
				FCBE907926FB4683002B26F3 /* MovieSharingApp.swift in Sources */,
				FCFBD0402706F87800D8B9CB /* ImageObject.swift in Sources */,
				FCFBD03E2706F85B00D8B9CB /* Thumbnail.swift in Sources */,
			);
			runOnlyForDeploymentPostprocessing = 0;
		};
/* End PBXSourcesBuildPhase section */

/* Begin XCBuildConfiguration section */
		FCBE908226FB4685002B26F3 /* Debug */ = {
			isa = XCBuildConfiguration;
			buildSettings = {
				ALWAYS_SEARCH_USER_PATHS = NO;
				CLANG_ANALYZER_NONNULL = YES;
				CLANG_ANALYZER_NUMBER_OBJECT_CONVERSION = YES_AGGRESSIVE;
				CLANG_CXX_LANGUAGE_STANDARD = "gnu++14";
				CLANG_CXX_LIBRARY = "libc++";
				CLANG_ENABLE_MODULES = YES;
				CLANG_ENABLE_OBJC_ARC = YES;
				CLANG_ENABLE_OBJC_WEAK = YES;
				CLANG_WARN_BLOCK_CAPTURE_AUTORELEASING = YES;
				CLANG_WARN_BOOL_CONVERSION = YES;
				CLANG_WARN_COMMA = YES;
				CLANG_WARN_CONSTANT_CONVERSION = YES;
				CLANG_WARN_DEPRECATED_OBJC_IMPLEMENTATIONS = YES;
				CLANG_WARN_DIRECT_OBJC_ISA_USAGE = YES_ERROR;
				CLANG_WARN_DOCUMENTATION_COMMENTS = YES;
				CLANG_WARN_EMPTY_BODY = YES;
				CLANG_WARN_ENUM_CONVERSION = YES;
				CLANG_WARN_INFINITE_RECURSION = YES;
				CLANG_WARN_INT_CONVERSION = YES;
				CLANG_WARN_NON_LITERAL_NULL_CONVERSION = YES;
				CLANG_WARN_OBJC_IMPLICIT_RETAIN_SELF = YES;
				CLANG_WARN_OBJC_LITERAL_CONVERSION = YES;
				CLANG_WARN_OBJC_ROOT_CLASS = YES_ERROR;
				CLANG_WARN_QUOTED_INCLUDE_IN_FRAMEWORK_HEADER = YES;
				CLANG_WARN_RANGE_LOOP_ANALYSIS = YES;
				CLANG_WARN_STRICT_PROTOTYPES = YES;
				CLANG_WARN_SUSPICIOUS_MOVE = YES;
				CLANG_WARN_UNGUARDED_AVAILABILITY = YES_AGGRESSIVE;
				CLANG_WARN_UNREACHABLE_CODE = YES;
				CLANG_WARN__DUPLICATE_METHOD_MATCH = YES;
				COPY_PHASE_STRIP = NO;
				DEBUG_INFORMATION_FORMAT = dwarf;
				ENABLE_STRICT_OBJC_MSGSEND = YES;
				ENABLE_TESTABILITY = YES;
				GCC_C_LANGUAGE_STANDARD = gnu11;
				GCC_DYNAMIC_NO_PIC = NO;
				GCC_NO_COMMON_BLOCKS = YES;
				GCC_OPTIMIZATION_LEVEL = 0;
				GCC_PREPROCESSOR_DEFINITIONS = (
					"DEBUG=1",
					"$(inherited)",
				);
				GCC_WARN_64_TO_32_BIT_CONVERSION = YES;
				GCC_WARN_ABOUT_RETURN_TYPE = YES_ERROR;
				GCC_WARN_UNDECLARED_SELECTOR = YES;
				GCC_WARN_UNINITIALIZED_AUTOS = YES_AGGRESSIVE;
				GCC_WARN_UNUSED_FUNCTION = YES;
				GCC_WARN_UNUSED_VARIABLE = YES;
				IPHONEOS_DEPLOYMENT_TARGET = 14.5;
				MTL_ENABLE_DEBUG_INFO = INCLUDE_SOURCE;
				MTL_FAST_MATH = YES;
				ONLY_ACTIVE_ARCH = YES;
				SDKROOT = iphoneos;
				SWIFT_ACTIVE_COMPILATION_CONDITIONS = DEBUG;
				SWIFT_OPTIMIZATION_LEVEL = "-Onone";
			};
			name = Debug;
		};
		FCBE908326FB4685002B26F3 /* Release */ = {
			isa = XCBuildConfiguration;
			buildSettings = {
				ALWAYS_SEARCH_USER_PATHS = NO;
				CLANG_ANALYZER_NONNULL = YES;
				CLANG_ANALYZER_NUMBER_OBJECT_CONVERSION = YES_AGGRESSIVE;
				CLANG_CXX_LANGUAGE_STANDARD = "gnu++14";
				CLANG_CXX_LIBRARY = "libc++";
				CLANG_ENABLE_MODULES = YES;
				CLANG_ENABLE_OBJC_ARC = YES;
				CLANG_ENABLE_OBJC_WEAK = YES;
				CLANG_WARN_BLOCK_CAPTURE_AUTORELEASING = YES;
				CLANG_WARN_BOOL_CONVERSION = YES;
				CLANG_WARN_COMMA = YES;
				CLANG_WARN_CONSTANT_CONVERSION = YES;
				CLANG_WARN_DEPRECATED_OBJC_IMPLEMENTATIONS = YES;
				CLANG_WARN_DIRECT_OBJC_ISA_USAGE = YES_ERROR;
				CLANG_WARN_DOCUMENTATION_COMMENTS = YES;
				CLANG_WARN_EMPTY_BODY = YES;
				CLANG_WARN_ENUM_CONVERSION = YES;
				CLANG_WARN_INFINITE_RECURSION = YES;
				CLANG_WARN_INT_CONVERSION = YES;
				CLANG_WARN_NON_LITERAL_NULL_CONVERSION = YES;
				CLANG_WARN_OBJC_IMPLICIT_RETAIN_SELF = YES;
				CLANG_WARN_OBJC_LITERAL_CONVERSION = YES;
				CLANG_WARN_OBJC_ROOT_CLASS = YES_ERROR;
				CLANG_WARN_QUOTED_INCLUDE_IN_FRAMEWORK_HEADER = YES;
				CLANG_WARN_RANGE_LOOP_ANALYSIS = YES;
				CLANG_WARN_STRICT_PROTOTYPES = YES;
				CLANG_WARN_SUSPICIOUS_MOVE = YES;
				CLANG_WARN_UNGUARDED_AVAILABILITY = YES_AGGRESSIVE;
				CLANG_WARN_UNREACHABLE_CODE = YES;
				CLANG_WARN__DUPLICATE_METHOD_MATCH = YES;
				COPY_PHASE_STRIP = NO;
				DEBUG_INFORMATION_FORMAT = "dwarf-with-dsym";
				ENABLE_NS_ASSERTIONS = NO;
				ENABLE_STRICT_OBJC_MSGSEND = YES;
				GCC_C_LANGUAGE_STANDARD = gnu11;
				GCC_NO_COMMON_BLOCKS = YES;
				GCC_WARN_64_TO_32_BIT_CONVERSION = YES;
				GCC_WARN_ABOUT_RETURN_TYPE = YES_ERROR;
				GCC_WARN_UNDECLARED_SELECTOR = YES;
				GCC_WARN_UNINITIALIZED_AUTOS = YES_AGGRESSIVE;
				GCC_WARN_UNUSED_FUNCTION = YES;
				GCC_WARN_UNUSED_VARIABLE = YES;
				IPHONEOS_DEPLOYMENT_TARGET = 14.5;
				MTL_ENABLE_DEBUG_INFO = NO;
				MTL_FAST_MATH = YES;
				SDKROOT = iphoneos;
				SWIFT_COMPILATION_MODE = wholemodule;
				SWIFT_OPTIMIZATION_LEVEL = "-O";
				VALIDATE_PRODUCT = YES;
			};
			name = Release;
		};
		FCBE908526FB4685002B26F3 /* Debug */ = {
			isa = XCBuildConfiguration;
			buildSettings = {
				ASSETCATALOG_COMPILER_APPICON_NAME = AppIcon;
				ASSETCATALOG_COMPILER_GLOBAL_ACCENT_COLOR_NAME = AccentColor;
				CODE_SIGN_STYLE = Automatic;
				DEVELOPMENT_ASSET_PATHS = "\"MovieSharing/Preview Content\"";
				ENABLE_PREVIEWS = YES;
				INFOPLIST_FILE = MovieSharing/Info.plist;
				IPHONEOS_DEPLOYMENT_TARGET = 14.0;
				LD_RUNPATH_SEARCH_PATHS = (
					"$(inherited)",
					"@executable_path/Frameworks",
				);
				PRODUCT_BUNDLE_IDENTIFIER = TDSoftware.MovieSharing;
				PRODUCT_NAME = "$(TARGET_NAME)";
				SWIFT_VERSION = 5.0;
				TARGETED_DEVICE_FAMILY = "1,2";
			};
			name = Debug;
		};
		FCBE908626FB4685002B26F3 /* Release */ = {
			isa = XCBuildConfiguration;
			buildSettings = {
				ASSETCATALOG_COMPILER_APPICON_NAME = AppIcon;
				ASSETCATALOG_COMPILER_GLOBAL_ACCENT_COLOR_NAME = AccentColor;
				CODE_SIGN_STYLE = Automatic;
				DEVELOPMENT_ASSET_PATHS = "\"MovieSharing/Preview Content\"";
				ENABLE_PREVIEWS = YES;
				INFOPLIST_FILE = MovieSharing/Info.plist;
				IPHONEOS_DEPLOYMENT_TARGET = 14.0;
				LD_RUNPATH_SEARCH_PATHS = (
					"$(inherited)",
					"@executable_path/Frameworks",
				);
				PRODUCT_BUNDLE_IDENTIFIER = TDSoftware.MovieSharing;
				PRODUCT_NAME = "$(TARGET_NAME)";
				SWIFT_VERSION = 5.0;
				TARGETED_DEVICE_FAMILY = "1,2";
			};
			name = Release;
		};
/* End XCBuildConfiguration section */

/* Begin XCConfigurationList section */
		FCBE907026FB4682002B26F3 /* Build configuration list for PBXProject "MovieSharing" */ = {
			isa = XCConfigurationList;
			buildConfigurations = (
				FCBE908226FB4685002B26F3 /* Debug */,
				FCBE908326FB4685002B26F3 /* Release */,
			);
			defaultConfigurationIsVisible = 0;
			defaultConfigurationName = Release;
		};
		FCBE908426FB4685002B26F3 /* Build configuration list for PBXNativeTarget "MovieSharing" */ = {
			isa = XCConfigurationList;
			buildConfigurations = (
				FCBE908526FB4685002B26F3 /* Debug */,
				FCBE908626FB4685002B26F3 /* Release */,
			);
			defaultConfigurationIsVisible = 0;
			defaultConfigurationName = Release;
		};
/* End XCConfigurationList section */
	};
	rootObject = FCBE906D26FB4682002B26F3 /* Project object */;
}
